
Microsoft Visual Studio Solution File, Format Version 12.00
# Visual Studio Version 17
VisualStudioVersion = 17.0.31912.275
MinimumVisualStudioVersion = 10.0.40219.1
Project("{FAE04EC0-301F-11D3-BF4B-00C04F79EFBC}") = "zajecia_6", "zajecia_6\zajecia_6.csproj", "{E248AC9C-BDEA-41ED-BD29-87CC55D7B077}"
EndProject
Global
	GlobalSection(SolutionConfigurationPlatforms) = preSolution
		Debug|Any CPU = Debug|Any CPU
		Release|Any CPU = Release|Any CPU
	EndGlobalSection
	GlobalSection(ProjectConfigurationPlatforms) = postSolution
		{E248AC9C-BDEA-41ED-BD29-87CC55D7B077}.Debug|Any CPU.ActiveCfg = Debug|Any CPU
		{E248AC9C-BDEA-41ED-BD29-87CC55D7B077}.Debug|Any CPU.Build.0 = Debug|Any CPU
		{E248AC9C-BDEA-41ED-BD29-87CC55D7B077}.Release|Any CPU.ActiveCfg = Release|Any CPU
		{E248AC9C-BDEA-41ED-BD29-87CC55D7B077}.Release|Any CPU.Build.0 = Release|Any CPU
	EndGlobalSection
	GlobalSection(SolutionProperties) = preSolution
		HideSolutionNode = FALSE
	EndGlobalSection
	GlobalSection(ExtensibilityGlobals) = postSolution
		SolutionGuid = {525904EF-90CF-439E-8ECD-9DFE93859F43}
	EndGlobalSection
EndGlobal
